// !$*UTF8*$!
{
	archiveVersion = 1;
	classes = {
	};
	objectVersion = 56;
	objects = {

/* Begin PBXBuildFile section */
		ECC9D8A5294E167F00E4B00A /* DataJoke.swift in Sources */ = {isa = PBXBuildFile; fileRef = ECC9D8A4294E167F00E4B00A /* DataJoke.swift */; };
		ECC9D8A7294E169800E4B00A /* NetworkingProvider.swift in Sources */ = {isa = PBXBuildFile; fileRef = ECC9D8A6294E169800E4B00A /* NetworkingProvider.swift */; };
		ECC9D8AA294E181B00E4B00A /* Alamofire in Frameworks */ = {isa = PBXBuildFile; productRef = ECC9D8A9294E181B00E4B00A /* Alamofire */; };
		ECE867E329264D84009A8A46 /* AppDelegate.swift in Sources */ = {isa = PBXBuildFile; fileRef = ECE867E229264D84009A8A46 /* AppDelegate.swift */; };
		ECE867E529264D84009A8A46 /* SceneDelegate.swift in Sources */ = {isa = PBXBuildFile; fileRef = ECE867E429264D84009A8A46 /* SceneDelegate.swift */; };
		ECE867E729264D84009A8A46 /* ViewController.swift in Sources */ = {isa = PBXBuildFile; fileRef = ECE867E629264D84009A8A46 /* ViewController.swift */; };
		ECE867EA29264D84009A8A46 /* Main.storyboard in Resources */ = {isa = PBXBuildFile; fileRef = ECE867E829264D84009A8A46 /* Main.storyboard */; };
		ECE867EC29264D86009A8A46 /* Assets.xcassets in Resources */ = {isa = PBXBuildFile; fileRef = ECE867EB29264D86009A8A46 /* Assets.xcassets */; };
		ECE867EF29264D86009A8A46 /* LaunchScreen.storyboard in Resources */ = {isa = PBXBuildFile; fileRef = ECE867ED29264D86009A8A46 /* LaunchScreen.storyboard */; };
/* End PBXBuildFile section */

/* Begin PBXFileReference section */
		ECC9D8A4294E167F00E4B00A /* DataJoke.swift */ = {isa = PBXFileReference; lastKnownFileType = sourcecode.swift; path = DataJoke.swift; sourceTree = "<group>"; };
		ECC9D8A6294E169800E4B00A /* NetworkingProvider.swift */ = {isa = PBXFileReference; lastKnownFileType = sourcecode.swift; path = NetworkingProvider.swift; sourceTree = "<group>"; };
		ECE867DF29264D84009A8A46 /* Proyecto2.app */ = {isa = PBXFileReference; explicitFileType = wrapper.application; includeInIndex = 0; path = Proyecto2.app; sourceTree = BUILT_PRODUCTS_DIR; };
		ECE867E229264D84009A8A46 /* AppDelegate.swift */ = {isa = PBXFileReference; lastKnownFileType = sourcecode.swift; path = AppDelegate.swift; sourceTree = "<group>"; };
		ECE867E429264D84009A8A46 /* SceneDelegate.swift */ = {isa = PBXFileReference; lastKnownFileType = sourcecode.swift; path = SceneDelegate.swift; sourceTree = "<group>"; };
		ECE867E629264D84009A8A46 /* ViewController.swift */ = {isa = PBXFileReference; lastKnownFileType = sourcecode.swift; path = ViewController.swift; sourceTree = "<group>"; };
		ECE867E929264D84009A8A46 /* Base */ = {isa = PBXFileReference; lastKnownFileType = file.storyboard; name = Base; path = Base.lproj/Main.storyboard; sourceTree = "<group>"; };
		ECE867EB29264D86009A8A46 /* Assets.xcassets */ = {isa = PBXFileReference; lastKnownFileType = folder.assetcatalog; path = Assets.xcassets; sourceTree = "<group>"; };
		ECE867EE29264D86009A8A46 /* Base */ = {isa = PBXFileReference; lastKnownFileType = file.storyboard; name = Base; path = Base.lproj/LaunchScreen.storyboard; sourceTree = "<group>"; };
		ECE867F029264D86009A8A46 /* Info.plist */ = {isa = PBXFileReference; lastKnownFileType = text.plist.xml; path = Info.plist; sourceTree = "<group>"; };
/* End PBXFileReference section */

/* Begin PBXFrameworksBuildPhase section */
		ECE867DC29264D84009A8A46 /* Frameworks */ = {
			isa = PBXFrameworksBuildPhase;
			buildActionMask = 2147483647;
			files = (
				ECC9D8AA294E181B00E4B00A /* Alamofire in Frameworks */,
			);
			runOnlyForDeploymentPostprocessing = 0;
		};
/* End PBXFrameworksBuildPhase section */

/* Begin PBXGroup section */
		ECC9D8A3294E165000E4B00A /* Data */ = {
			isa = PBXGroup;
			children = (
				ECC9D8A4294E167F00E4B00A /* DataJoke.swift */,
			);
			path = Data;
			sourceTree = "<group>";
		};
		ECC9D8AB294E18FD00E4B00A /* Network */ = {
			isa = PBXGroup;
			children = (
				ECC9D8A3294E165000E4B00A /* Data */,
				ECC9D8A6294E169800E4B00A /* NetworkingProvider.swift */,
			);
			path = Network;
			sourceTree = "<group>";
		};
		ECE867D629264D84009A8A46 = {
			isa = PBXGroup;
			children = (
				ECE867E129264D84009A8A46 /* Proyecto2 */,
				ECE867E029264D84009A8A46 /* Products */,
			);
			sourceTree = "<group>";
		};
		ECE867E029264D84009A8A46 /* Products */ = {
			isa = PBXGroup;
			children = (
				ECE867DF29264D84009A8A46 /* Proyecto2.app */,
			);
			name = Products;
			sourceTree = "<group>";
		};
		ECE867E129264D84009A8A46 /* Proyecto2 */ = {
			isa = PBXGroup;
			children = (
				ECC9D8AB294E18FD00E4B00A /* Network */,
				ECE867E229264D84009A8A46 /* AppDelegate.swift */,
				ECE867E429264D84009A8A46 /* SceneDelegate.swift */,
				ECE867E629264D84009A8A46 /* ViewController.swift */,
				ECE867E829264D84009A8A46 /* Main.storyboard */,
				ECE867EB29264D86009A8A46 /* Assets.xcassets */,
				ECE867ED29264D86009A8A46 /* LaunchScreen.storyboard */,
				ECE867F029264D86009A8A46 /* Info.plist */,
			);
			path = Proyecto2;
			sourceTree = "<group>";
		};
/* End PBXGroup section */

/* Begin PBXNativeTarget section */
		ECE867DE29264D84009A8A46 /* Proyecto2 */ = {
			isa = PBXNativeTarget;
			buildConfigurationList = ECE867F329264D86009A8A46 /* Build configuration list for PBXNativeTarget "Proyecto2" */;
			buildPhases = (
				ECE867DB29264D84009A8A46 /* Sources */,
				ECE867DC29264D84009A8A46 /* Frameworks */,
				ECE867DD29264D84009A8A46 /* Resources */,
			);
			buildRules = (
			);
			dependencies = (
			);
			name = Proyecto2;
			packageProductDependencies = (
				ECC9D8A9294E181B00E4B00A /* Alamofire */,
			);
			productName = Proyecto2;
			productReference = ECE867DF29264D84009A8A46 /* Proyecto2.app */;
			productType = "com.apple.product-type.application";
		};
/* End PBXNativeTarget section */

/* Begin PBXProject section */
		ECE867D729264D84009A8A46 /* Project object */ = {
			isa = PBXProject;
			attributes = {
				BuildIndependentTargetsInParallel = 1;
				LastSwiftUpdateCheck = 1400;
				LastUpgradeCheck = 1400;
				TargetAttributes = {
					ECE867DE29264D84009A8A46 = {
						CreatedOnToolsVersion = 14.0.1;
					};
				};
			};
			buildConfigurationList = ECE867DA29264D84009A8A46 /* Build configuration list for PBXProject "Proyecto2" */;
			compatibilityVersion = "Xcode 14.0";
			developmentRegion = en;
			hasScannedForEncodings = 0;
			knownRegions = (
				en,
				Base,
			);
			mainGroup = ECE867D629264D84009A8A46;
			packageReferences = (
				ECC9D8A8294E181B00E4B00A /* XCRemoteSwiftPackageReference "Alamofire" */,
			);
			productRefGroup = ECE867E029264D84009A8A46 /* Products */;
			projectDirPath = "";
			projectRoot = "";
			targets = (
				ECE867DE29264D84009A8A46 /* Proyecto2 */,
			);
		};
/* End PBXProject section */

/* Begin PBXResourcesBuildPhase section */
		ECE867DD29264D84009A8A46 /* Resources */ = {
			isa = PBXResourcesBuildPhase;
			buildActionMask = 2147483647;
			files = (
				ECE867EF29264D86009A8A46 /* LaunchScreen.storyboard in Resources */,
				ECE867EC29264D86009A8A46 /* Assets.xcassets in Resources */,
				ECE867EA29264D84009A8A46 /* Main.storyboard in Resources */,
			);
			runOnlyForDeploymentPostprocessing = 0;
		};
/* End PBXResourcesBuildPhase section */

/* Begin PBXSourcesBuildPhase section */
		ECE867DB29264D84009A8A46 /* Sources */ = {
			isa = PBXSourcesBuildPhase;
			buildActionMask = 2147483647;
			files = (
				ECE867E729264D84009A8A46 /* ViewController.swift in Sources */,
				ECE867E329264D84009A8A46 /* AppDelegate.swift in Sources */,
				ECC9D8A5294E167F00E4B00A /* DataJoke.swift in Sources */,
				ECC9D8A7294E169800E4B00A /* NetworkingProvider.swift in Sources */,
				ECE867E529264D84009A8A46 /* SceneDelegate.swift in Sources */,
			);
			runOnlyForDeploymentPostprocessing = 0;
		};
/* End PBXSourcesBuildPhase section */

/* Begin PBXVariantGroup section */
		ECE867E829264D84009A8A46 /* Main.storyboard */ = {
			isa = PBXVariantGroup;
			children = (
				ECE867E929264D84009A8A46 /* Base */,
			);
			name = Main.storyboard;
			sourceTree = "<group>";
		};
		ECE867ED29264D86009A8A46 /* LaunchScreen.storyboard */ = {
			isa = PBXVariantGroup;
			children = (
				ECE867EE29264D86009A8A46 /* Base */,
			);
			name = LaunchScreen.storyboard;
			sourceTree = "<group>";
		};
/* End PBXVariantGroup section */

/* Begin XCBuildConfiguration section */
		ECE867F129264D86009A8A46 /* Debug */ = {
			isa = XCBuildConfiguration;
			buildSettings = {
				ALWAYS_SEARCH_USER_PATHS = NO;
				CLANG_ANALYZER_NONNULL = YES;
				CLANG_ANALYZER_NUMBER_OBJECT_CONVERSION = YES_AGGRESSIVE;
				CLANG_CXX_LANGUAGE_STANDARD = "gnu++20";
				CLANG_ENABLE_MODULES = YES;
				CLANG_ENABLE_OBJC_ARC = YES;
				CLANG_ENABLE_OBJC_WEAK = YES;
				CLANG_WARN_BLOCK_CAPTURE_AUTORELEASING = YES;
				CLANG_WARN_BOOL_CONVERSION = YES;
				CLANG_WARN_COMMA = YES;
				CLANG_WARN_CONSTANT_CONVERSION = YES;
				CLANG_WARN_DEPRECATED_OBJC_IMPLEMENTATIONS = YES;
				CLANG_WARN_DIRECT_OBJC_ISA_USAGE = YES_ERROR;
				CLANG_WARN_DOCUMENTATION_COMMENTS = YES;
				CLANG_WARN_EMPTY_BODY = YES;
				CLANG_WARN_ENUM_CONVERSION = YES;
				CLANG_WARN_INFINITE_RECURSION = YES;
				CLANG_WARN_INT_CONVERSION = YES;
				CLANG_WARN_NON_LITERAL_NULL_CONVERSION = YES;
				CLANG_WARN_OBJC_IMPLICIT_RETAIN_SELF = YES;
				CLANG_WARN_OBJC_LITERAL_CONVERSION = YES;
				CLANG_WARN_OBJC_ROOT_CLASS = YES_ERROR;
				CLANG_WARN_QUOTED_INCLUDE_IN_FRAMEWORK_HEADER = YES;
				CLANG_WARN_RANGE_LOOP_ANALYSIS = YES;
				CLANG_WARN_STRICT_PROTOTYPES = YES;
				CLANG_WARN_SUSPICIOUS_MOVE = YES;
				CLANG_WARN_UNGUARDED_AVAILABILITY = YES_AGGRESSIVE;
				CLANG_WARN_UNREACHABLE_CODE = YES;
				CLANG_WARN__DUPLICATE_METHOD_MATCH = YES;
				COPY_PHASE_STRIP = NO;
				DEBUG_INFORMATION_FORMAT = dwarf;
				ENABLE_STRICT_OBJC_MSGSEND = YES;
				ENABLE_TESTABILITY = YES;
				GCC_C_LANGUAGE_STANDARD = gnu11;
				GCC_DYNAMIC_NO_PIC = NO;
				GCC_NO_COMMON_BLOCKS = YES;
				GCC_OPTIMIZATION_LEVEL = 0;
				GCC_PREPROCESSOR_DEFINITIONS = (
					"DEBUG=1",
					"$(inherited)",
				);
				GCC_WARN_64_TO_32_BIT_CONVERSION = YES;
				GCC_WARN_ABOUT_RETURN_TYPE = YES_ERROR;
				GCC_WARN_UNDECLARED_SELECTOR = YES;
				GCC_WARN_UNINITIALIZED_AUTOS = YES_AGGRESSIVE;
				GCC_WARN_UNUSED_FUNCTION = YES;
				GCC_WARN_UNUSED_VARIABLE = YES;
				IPHONEOS_DEPLOYMENT_TARGET = 16.0;
				MTL_ENABLE_DEBUG_INFO = INCLUDE_SOURCE;
				MTL_FAST_MATH = YES;
				ONLY_ACTIVE_ARCH = YES;
				SDKROOT = iphoneos;
				SWIFT_ACTIVE_COMPILATION_CONDITIONS = DEBUG;
				SWIFT_OPTIMIZATION_LEVEL = "-Onone";
			};
			name = Debug;
		};
		ECE867F229264D86009A8A46 /* Release */ = {
			isa = XCBuildConfiguration;
			buildSettings = {
				ALWAYS_SEARCH_USER_PATHS = NO;
				CLANG_ANALYZER_NONNULL = YES;
				CLANG_ANALYZER_NUMBER_OBJECT_CONVERSION = YES_AGGRESSIVE;
				CLANG_CXX_LANGUAGE_STANDARD = "gnu++20";
				CLANG_ENABLE_MODULES = YES;
				CLANG_ENABLE_OBJC_ARC = YES;
				CLANG_ENABLE_OBJC_WEAK = YES;
				CLANG_WARN_BLOCK_CAPTURE_AUTORELEASING = YES;
				CLANG_WARN_BOOL_CONVERSION = YES;
				CLANG_WARN_COMMA = YES;
				CLANG_WARN_CONSTANT_CONVERSION = YES;
				CLANG_WARN_DEPRECATED_OBJC_IMPLEMENTATIONS = YES;
				CLANG_WARN_DIRECT_OBJC_ISA_USAGE = YES_ERROR;
				CLANG_WARN_DOCUMENTATION_COMMENTS = YES;
				CLANG_WARN_EMPTY_BODY = YES;
				CLANG_WARN_ENUM_CONVERSION = YES;
				CLANG_WARN_INFINITE_RECURSION = YES;
				CLANG_WARN_INT_CONVERSION = YES;
				CLANG_WARN_NON_LITERAL_NULL_CONVERSION = YES;
				CLANG_WARN_OBJC_IMPLICIT_RETAIN_SELF = YES;
				CLANG_WARN_OBJC_LITERAL_CONVERSION = YES;
				CLANG_WARN_OBJC_ROOT_CLASS = YES_ERROR;
				CLANG_WARN_QUOTED_INCLUDE_IN_FRAMEWORK_HEADER = YES;
				CLANG_WARN_RANGE_LOOP_ANALYSIS = YES;
				CLANG_WARN_STRICT_PROTOTYPES = YES;
				CLANG_WARN_SUSPICIOUS_MOVE = YES;
				CLANG_WARN_UNGUARDED_AVAILABILITY = YES_AGGRESSIVE;
				CLANG_WARN_UNREACHABLE_CODE = YES;
				CLANG_WARN__DUPLICATE_METHOD_MATCH = YES;
				COPY_PHASE_STRIP = NO;
				DEBUG_INFORMATION_FORMAT = "dwarf-with-dsym";
				ENABLE_NS_ASSERTIONS = NO;
				ENABLE_STRICT_OBJC_MSGSEND = YES;
				GCC_C_LANGUAGE_STANDARD = gnu11;
				GCC_NO_COMMON_BLOCKS = YES;
				GCC_WARN_64_TO_32_BIT_CONVERSION = YES;
				GCC_WARN_ABOUT_RETURN_TYPE = YES_ERROR;
				GCC_WARN_UNDECLARED_SELECTOR = YES;
				GCC_WARN_UNINITIALIZED_AUTOS = YES_AGGRESSIVE;
				GCC_WARN_UNUSED_FUNCTION = YES;
				GCC_WARN_UNUSED_VARIABLE = YES;
				IPHONEOS_DEPLOYMENT_TARGET = 16.0;
				MTL_ENABLE_DEBUG_INFO = NO;
				MTL_FAST_MATH = YES;
				SDKROOT = iphoneos;
				SWIFT_COMPILATION_MODE = wholemodule;
				SWIFT_OPTIMIZATION_LEVEL = "-O";
				VALIDATE_PRODUCT = YES;
			};
			name = Release;
		};
		ECE867F429264D86009A8A46 /* Debug */ = {
			isa = XCBuildConfiguration;
			buildSettings = {
				ASSETCATALOG_COMPILER_APPICON_NAME = AppIcon;
				ASSETCATALOG_COMPILER_GLOBAL_ACCENT_COLOR_NAME = AccentColor;
				CODE_SIGN_STYLE = Automatic;
				CURRENT_PROJECT_VERSION = 1;
				DEVELOPMENT_TEAM = 4325WCFQGF;
				GENERATE_INFOPLIST_FILE = YES;
				INFOPLIST_FILE = Proyecto2/Info.plist;
				INFOPLIST_KEY_UIApplicationSupportsIndirectInputEvents = YES;
				INFOPLIST_KEY_UILaunchStoryboardName = LaunchScreen;
				INFOPLIST_KEY_UIMainStoryboardFile = Main;
				INFOPLIST_KEY_UISupportedInterfaceOrientations_iPad = "UIInterfaceOrientationPortrait UIInterfaceOrientationPortraitUpsideDown UIInterfaceOrientationLandscapeLeft UIInterfaceOrientationLandscapeRight";
				INFOPLIST_KEY_UISupportedInterfaceOrientations_iPhone = "UIInterfaceOrientationPortrait UIInterfaceOrientationLandscapeLeft UIInterfaceOrientationLandscapeRight";
				LD_RUNPATH_SEARCH_PATHS = (
					"$(inherited)",
					"@executable_path/Frameworks",
				);
				MARKETING_VERSION = 1.0;
				PRODUCT_BUNDLE_IDENTIFIER = lupe.Proyecto2;
				PRODUCT_NAME = "$(TARGET_NAME)";
				SWIFT_EMIT_LOC_STRINGS = YES;
				SWIFT_VERSION = 5.0;
				TARGETED_DEVICE_FAMILY = "1,2";
			};
			name = Debug;
		};
		ECE867F529264D86009A8A46 /* Release */ = {
			isa = XCBuildConfiguration;
			buildSettings = {
				ASSETCATALOG_COMPILER_APPICON_NAME = AppIcon;
				ASSETCATALOG_COMPILER_GLOBAL_ACCENT_COLOR_NAME = AccentColor;
				CODE_SIGN_STYLE = Automatic;
				CURRENT_PROJECT_VERSION = 1;
				DEVELOPMENT_TEAM = 4325WCFQGF;
				GENERATE_INFOPLIST_FILE = YES;
				INFOPLIST_FILE = Proyecto2/Info.plist;
				INFOPLIST_KEY_UIApplicationSupportsIndirectInputEvents = YES;
				INFOPLIST_KEY_UILaunchStoryboardName = LaunchScreen;
				INFOPLIST_KEY_UIMainStoryboardFile = Main;
				INFOPLIST_KEY_UISupportedInterfaceOrientations_iPad = "UIInterfaceOrientationPortrait UIInterfaceOrientationPortraitUpsideDown UIInterfaceOrientationLandscapeLeft UIInterfaceOrientationLandscapeRight";
				INFOPLIST_KEY_UISupportedInterfaceOrientations_iPhone = "UIInterfaceOrientationPortrait UIInterfaceOrientationLandscapeLeft UIInterfaceOrientationLandscapeRight";
				LD_RUNPATH_SEARCH_PATHS = (
					"$(inherited)",
					"@executable_path/Frameworks",
				);
				MARKETING_VERSION = 1.0;
				PRODUCT_BUNDLE_IDENTIFIER = lupe.Proyecto2;
				PRODUCT_NAME = "$(TARGET_NAME)";
				SWIFT_EMIT_LOC_STRINGS = YES;
				SWIFT_VERSION = 5.0;
				TARGETED_DEVICE_FAMILY = "1,2";
			};
			name = Release;
		};
/* End XCBuildConfiguration section */

/* Begin XCConfigurationList section */
		ECE867DA29264D84009A8A46 /* Build configuration list for PBXProject "Proyecto2" */ = {
			isa = XCConfigurationList;
			buildConfigurations = (
				ECE867F129264D86009A8A46 /* Debug */,
				ECE867F229264D86009A8A46 /* Release */,
			);
			defaultConfigurationIsVisible = 0;
			defaultConfigurationName = Release;
		};
		ECE867F329264D86009A8A46 /* Build configuration list for PBXNativeTarget "Proyecto2" */ = {
			isa = XCConfigurationList;
			buildConfigurations = (
				ECE867F429264D86009A8A46 /* Debug */,
				ECE867F529264D86009A8A46 /* Release */,
			);
			defaultConfigurationIsVisible = 0;
			defaultConfigurationName = Release;
		};
/* End XCConfigurationList section */

/* Begin XCRemoteSwiftPackageReference section */
		ECC9D8A8294E181B00E4B00A /* XCRemoteSwiftPackageReference "Alamofire" */ = {
			isa = XCRemoteSwiftPackageReference;
			repositoryURL = "https://github.com/Alamofire/Alamofire.git";
			requirement = {
				branch = master;
				kind = branch;
			};
		};
/* End XCRemoteSwiftPackageReference section */

/* Begin XCSwiftPackageProductDependency section */
		ECC9D8A9294E181B00E4B00A /* Alamofire */ = {
			isa = XCSwiftPackageProductDependency;
			package = ECC9D8A8294E181B00E4B00A /* XCRemoteSwiftPackageReference "Alamofire" */;
			productName = Alamofire;
		};
/* End XCSwiftPackageProductDependency section */
	};
	rootObject = ECE867D729264D84009A8A46 /* Project object */;
}
